
Microsoft Visual Studio Solution File, Format Version 12.00
# Visual Studio 15
VisualStudioVersion = 15.0.28307.271
MinimumVisualStudioVersion = 10.0.40219.1
Project("{FAE04EC0-301F-11D3-BF4B-00C04F79EFBC}") = "Mill_AI", "SI_lista3\Mill_AI.csproj", "{997FC03B-A776-4DA9-96F0-0E000AC984D3}"
EndProject
Global
	GlobalSection(SolutionConfigurationPlatforms) = preSolution
		Debug|Any CPU = Debug|Any CPU
		Release|Any CPU = Release|Any CPU
	EndGlobalSection
	GlobalSection(ProjectConfigurationPlatforms) = postSolution
		{997FC03B-A776-4DA9-96F0-0E000AC984D3}.Debug|Any CPU.ActiveCfg = Debug|Any CPU
		{997FC03B-A776-4DA9-96F0-0E000AC984D3}.Debug|Any CPU.Build.0 = Debug|Any CPU
		{997FC03B-A776-4DA9-96F0-0E000AC984D3}.Release|Any CPU.ActiveCfg = Release|Any CPU
		{997FC03B-A776-4DA9-96F0-0E000AC984D3}.Release|Any CPU.Build.0 = Release|Any CPU
	EndGlobalSection
	GlobalSection(SolutionProperties) = preSolution
		HideSolutionNode = FALSE
	EndGlobalSection
	GlobalSection(ExtensibilityGlobals) = postSolution
		SolutionGuid = {BDA8292D-85BD-42B5-855D-CE669FF7B67B}
	EndGlobalSection
EndGlobal
